
Microsoft Visual Studio Solution File, Format Version 11.00
# Visual Studio 2010
Project("{FAE04EC0-301F-11D3-BF4B-00C04F79EFBC}") = "Zombie Survival Shooter Game", "Assembly-CSharp.csproj", "{5D5EA5F4-D7D2-0DC0-4BDB-9DCEFE5080A5}"
EndProject
Project("{FAE04EC0-301F-11D3-BF4B-00C04F79EFBC}") = "Zombie Survival Shooter Game", "Assembly-CSharp-firstpass.csproj", "{4485A516-99C0-8219-70E4-3CE440EA316F}"
EndProject
Project("{FAE04EC0-301F-11D3-BF4B-00C04F79EFBC}") = "Zombie Survival Shooter Game", "Assembly-CSharp-Editor.csproj", "{49680689-9B3C-DE84-D29F-180A3274BCE1}"
EndProject
Project("{FAE04EC0-301F-11D3-BF4B-00C04F79EFBC}") = "Zombie Survival Shooter Game", "Assembly-CSharp-Editor-firstpass.csproj", "{84FE8B0A-8B8C-5FA6-76EC-2E14151AE08B}"
EndProject
Global
	GlobalSection(SolutionConfigurationPlatforms) = preSolution
		Debug|Any CPU = Debug|Any CPU
		Release|Any CPU = Release|Any CPU
	EndGlobalSection
	GlobalSection(ProjectConfigurationPlatforms) = postSolution
		{5D5EA5F4-D7D2-0DC0-4BDB-9DCEFE5080A5}.Debug|Any CPU.ActiveCfg = Debug|Any CPU
		{5D5EA5F4-D7D2-0DC0-4BDB-9DCEFE5080A5}.Debug|Any CPU.Build.0 = Debug|Any CPU
		{5D5EA5F4-D7D2-0DC0-4BDB-9DCEFE5080A5}.Release|Any CPU.ActiveCfg = Release|Any CPU
		{5D5EA5F4-D7D2-0DC0-4BDB-9DCEFE5080A5}.Release|Any CPU.Build.0 = Release|Any CPU
		{4485A516-99C0-8219-70E4-3CE440EA316F}.Debug|Any CPU.ActiveCfg = Debug|Any CPU
		{4485A516-99C0-8219-70E4-3CE440EA316F}.Debug|Any CPU.Build.0 = Debug|Any CPU
		{4485A516-99C0-8219-70E4-3CE440EA316F}.Release|Any CPU.ActiveCfg = Release|Any CPU
		{4485A516-99C0-8219-70E4-3CE440EA316F}.Release|Any CPU.Build.0 = Release|Any CPU
		{49680689-9B3C-DE84-D29F-180A3274BCE1}.Debug|Any CPU.ActiveCfg = Debug|Any CPU
		{49680689-9B3C-DE84-D29F-180A3274BCE1}.Debug|Any CPU.Build.0 = Debug|Any CPU
		{49680689-9B3C-DE84-D29F-180A3274BCE1}.Release|Any CPU.ActiveCfg = Release|Any CPU
		{49680689-9B3C-DE84-D29F-180A3274BCE1}.Release|Any CPU.Build.0 = Release|Any CPU
		{84FE8B0A-8B8C-5FA6-76EC-2E14151AE08B}.Debug|Any CPU.ActiveCfg = Debug|Any CPU
		{84FE8B0A-8B8C-5FA6-76EC-2E14151AE08B}.Debug|Any CPU.Build.0 = Debug|Any CPU
		{84FE8B0A-8B8C-5FA6-76EC-2E14151AE08B}.Release|Any CPU.ActiveCfg = Release|Any CPU
		{84FE8B0A-8B8C-5FA6-76EC-2E14151AE08B}.Release|Any CPU.Build.0 = Release|Any CPU
	EndGlobalSection
	GlobalSection(SolutionProperties) = preSolution
		HideSolutionNode = FALSE
	EndGlobalSection
	GlobalSection(MonoDevelopProperties) = preSolution
		StartupItem = Assembly-CSharp.csproj
	EndGlobalSection
EndGlobal
